// !$*UTF8*$!
{
	archiveVersion = 1;
	classes = {
	};
	objectVersion = 50;
	objects = {

/* Begin PBXBuildFile section */
		5223BF3D20D9F92C00328C58 /* BottomMenuViewController.swift in Sources */ = {isa = PBXBuildFile; fileRef = 5223BF3B20D9F92C00328C58 /* BottomMenuViewController.swift */; };
		5223BF3E20D9F92C00328C58 /* BottomMenuViewController.xib in Resources */ = {isa = PBXBuildFile; fileRef = 5223BF3C20D9F92C00328C58 /* BottomMenuViewController.xib */; };
		5223BF4120D9FAA700328C58 /* BottomMenuItemViewController.swift in Sources */ = {isa = PBXBuildFile; fileRef = 5223BF3F20D9FAA700328C58 /* BottomMenuItemViewController.swift */; };
		5223BF4220D9FAA700328C58 /* BottomMenuItemViewController.xib in Resources */ = {isa = PBXBuildFile; fileRef = 5223BF4020D9FAA700328C58 /* BottomMenuItemViewController.xib */; };
		5240441920CF3FB300B63FFD /* CardsCollectionViewController.swift in Sources */ = {isa = PBXBuildFile; fileRef = 5240441820CF3FB300B63FFD /* CardsCollectionViewController.swift */; };
		5240442020CF40C200B63FFD /* CardsViewModel.swift in Sources */ = {isa = PBXBuildFile; fileRef = 5240441F20CF40C200B63FFD /* CardsViewModel.swift */; };
		5240442320CF4EA300B63FFD /* CardCollectionViewCell.swift in Sources */ = {isa = PBXBuildFile; fileRef = 5240442120CF4EA300B63FFD /* CardCollectionViewCell.swift */; };
		5240442420CF4EA300B63FFD /* CardCollectionViewCell.xib in Resources */ = {isa = PBXBuildFile; fileRef = 5240442220CF4EA300B63FFD /* CardCollectionViewCell.xib */; };
		5253000620C8C19F00B3344C /* AppDelegate.swift in Sources */ = {isa = PBXBuildFile; fileRef = 5253000520C8C19F00B3344C /* AppDelegate.swift */; };
		5253000820C8C19F00B3344C /* CardViewController.swift in Sources */ = {isa = PBXBuildFile; fileRef = 5253000720C8C19F00B3344C /* CardViewController.swift */; };
		5253000B20C8C19F00B3344C /* Main.storyboard in Resources */ = {isa = PBXBuildFile; fileRef = 5253000920C8C19F00B3344C /* Main.storyboard */; };
		5253000D20C8C1A000B3344C /* Assets.xcassets in Resources */ = {isa = PBXBuildFile; fileRef = 5253000C20C8C1A000B3344C /* Assets.xcassets */; };
		5253001020C8C1A000B3344C /* LaunchScreen.storyboard in Resources */ = {isa = PBXBuildFile; fileRef = 5253000E20C8C1A000B3344C /* LaunchScreen.storyboard */; };
		5253001A20C8CA4700B3344C /* CardViewModel.swift in Sources */ = {isa = PBXBuildFile; fileRef = 5253001920C8CA4700B3344C /* CardViewModel.swift */; };
		52F0A9AD20D0B6CD00D76AC0 /* CardNavigationViewController.swift in Sources */ = {isa = PBXBuildFile; fileRef = 52F0A9AC20D0B6CD00D76AC0 /* CardNavigationViewController.swift */; };
		52FFF06520CA1CD900A7C04D /* MenuViewModel.swift in Sources */ = {isa = PBXBuildFile; fileRef = 52FFF06420CA1CD900A7C04D /* MenuViewModel.swift */; };
		A9457D6264378ED2A68EC0EA /* Pods_Scrum_Geek_Poker.framework in Frameworks */ = {isa = PBXBuildFile; fileRef = CFFA5E363AED450679A90496 /* Pods_Scrum_Geek_Poker.framework */; };
/* End PBXBuildFile section */

/* Begin PBXFileReference section */
		5223BF3B20D9F92C00328C58 /* BottomMenuViewController.swift */ = {isa = PBXFileReference; lastKnownFileType = sourcecode.swift; path = BottomMenuViewController.swift; sourceTree = "<group>"; };
		5223BF3C20D9F92C00328C58 /* BottomMenuViewController.xib */ = {isa = PBXFileReference; lastKnownFileType = file.xib; path = BottomMenuViewController.xib; sourceTree = "<group>"; };
		5223BF3F20D9FAA700328C58 /* BottomMenuItemViewController.swift */ = {isa = PBXFileReference; lastKnownFileType = sourcecode.swift; path = BottomMenuItemViewController.swift; sourceTree = "<group>"; };
		5223BF4020D9FAA700328C58 /* BottomMenuItemViewController.xib */ = {isa = PBXFileReference; lastKnownFileType = file.xib; path = BottomMenuItemViewController.xib; sourceTree = "<group>"; };
		5240441820CF3FB300B63FFD /* CardsCollectionViewController.swift */ = {isa = PBXFileReference; lastKnownFileType = sourcecode.swift; path = CardsCollectionViewController.swift; sourceTree = "<group>"; };
		5240441F20CF40C200B63FFD /* CardsViewModel.swift */ = {isa = PBXFileReference; lastKnownFileType = sourcecode.swift; path = CardsViewModel.swift; sourceTree = "<group>"; };
		5240442120CF4EA300B63FFD /* CardCollectionViewCell.swift */ = {isa = PBXFileReference; lastKnownFileType = sourcecode.swift; path = CardCollectionViewCell.swift; sourceTree = "<group>"; };
		5240442220CF4EA300B63FFD /* CardCollectionViewCell.xib */ = {isa = PBXFileReference; lastKnownFileType = file.xib; path = CardCollectionViewCell.xib; sourceTree = "<group>"; };
		5253000220C8C19F00B3344C /* Scrum Geek Poker.app */ = {isa = PBXFileReference; explicitFileType = wrapper.application; includeInIndex = 0; path = "Scrum Geek Poker.app"; sourceTree = BUILT_PRODUCTS_DIR; };
		5253000520C8C19F00B3344C /* AppDelegate.swift */ = {isa = PBXFileReference; lastKnownFileType = sourcecode.swift; path = AppDelegate.swift; sourceTree = "<group>"; };
		5253000720C8C19F00B3344C /* CardViewController.swift */ = {isa = PBXFileReference; lastKnownFileType = sourcecode.swift; path = CardViewController.swift; sourceTree = "<group>"; };
		5253000A20C8C19F00B3344C /* Base */ = {isa = PBXFileReference; lastKnownFileType = file.storyboard; name = Base; path = Base.lproj/Main.storyboard; sourceTree = "<group>"; };
		5253000C20C8C1A000B3344C /* Assets.xcassets */ = {isa = PBXFileReference; lastKnownFileType = folder.assetcatalog; path = Assets.xcassets; sourceTree = "<group>"; };
		5253000F20C8C1A000B3344C /* Base */ = {isa = PBXFileReference; lastKnownFileType = file.storyboard; name = Base; path = Base.lproj/LaunchScreen.storyboard; sourceTree = "<group>"; };
		5253001120C8C1A000B3344C /* Info.plist */ = {isa = PBXFileReference; lastKnownFileType = text.plist.xml; path = Info.plist; sourceTree = "<group>"; };
		5253001920C8CA4700B3344C /* CardViewModel.swift */ = {isa = PBXFileReference; lastKnownFileType = sourcecode.swift; path = CardViewModel.swift; sourceTree = "<group>"; };
		52F0A9AC20D0B6CD00D76AC0 /* CardNavigationViewController.swift */ = {isa = PBXFileReference; lastKnownFileType = sourcecode.swift; path = CardNavigationViewController.swift; sourceTree = "<group>"; };
		52FFF06420CA1CD900A7C04D /* MenuViewModel.swift */ = {isa = PBXFileReference; lastKnownFileType = sourcecode.swift; path = MenuViewModel.swift; sourceTree = "<group>"; };
		752B65DEEB9D0809150D3D54 /* Pods-Scrum Geek Poker.release.xcconfig */ = {isa = PBXFileReference; includeInIndex = 1; lastKnownFileType = text.xcconfig; name = "Pods-Scrum Geek Poker.release.xcconfig"; path = "Pods/Target Support Files/Pods-Scrum Geek Poker/Pods-Scrum Geek Poker.release.xcconfig"; sourceTree = "<group>"; };
		B94D37EE294AF8DDD4BD303B /* Pods-Scrum Geek Poker.debug.xcconfig */ = {isa = PBXFileReference; includeInIndex = 1; lastKnownFileType = text.xcconfig; name = "Pods-Scrum Geek Poker.debug.xcconfig"; path = "Pods/Target Support Files/Pods-Scrum Geek Poker/Pods-Scrum Geek Poker.debug.xcconfig"; sourceTree = "<group>"; };
		CFFA5E363AED450679A90496 /* Pods_Scrum_Geek_Poker.framework */ = {isa = PBXFileReference; explicitFileType = wrapper.framework; includeInIndex = 0; path = Pods_Scrum_Geek_Poker.framework; sourceTree = BUILT_PRODUCTS_DIR; };
/* End PBXFileReference section */

/* Begin PBXFrameworksBuildPhase section */
		5253FFFF20C8C19F00B3344C /* Frameworks */ = {
			isa = PBXFrameworksBuildPhase;
			buildActionMask = 2147483647;
			files = (
				A9457D6264378ED2A68EC0EA /* Pods_Scrum_Geek_Poker.framework in Frameworks */,
			);
			runOnlyForDeploymentPostprocessing = 0;
		};
/* End PBXFrameworksBuildPhase section */

/* Begin PBXGroup section */
		5223BF3820D9F8F100328C58 /* BottomMenu */ = {
			isa = PBXGroup;
			children = (
				5223BF3A20D9F90C00328C58 /* Menu */,
				5223BF3920D9F90000328C58 /* Item */,
			);
			path = BottomMenu;
			sourceTree = "<group>";
		};
		5223BF3920D9F90000328C58 /* Item */ = {
			isa = PBXGroup;
			children = (
				5223BF3F20D9FAA700328C58 /* BottomMenuItemViewController.swift */,
				5223BF4020D9FAA700328C58 /* BottomMenuItemViewController.xib */,
			);
			path = Item;
			sourceTree = "<group>";
		};
		5223BF3A20D9F90C00328C58 /* Menu */ = {
			isa = PBXGroup;
			children = (
				5223BF3B20D9F92C00328C58 /* BottomMenuViewController.swift */,
				5223BF3C20D9F92C00328C58 /* BottomMenuViewController.xib */,
			);
			path = Menu;
			sourceTree = "<group>";
		};
		5240441A20CF404600B63FFD /* Features */ = {
			isa = PBXGroup;
			children = (
				5223BF3820D9F8F100328C58 /* BottomMenu */,
				5240441C20CF406C00B63FFD /* CardSelected */,
				5240441B20CF405A00B63FFD /* CardCollection */,
			);
			path = Features;
			sourceTree = "<group>";
		};
		5240441B20CF405A00B63FFD /* CardCollection */ = {
			isa = PBXGroup;
			children = (
				5240441E20CF409800B63FFD /* View */,
				5240441D20CF408F00B63FFD /* ViewModel */,
			);
			path = CardCollection;
			sourceTree = "<group>";
		};
		5240441C20CF406C00B63FFD /* CardSelected */ = {
			isa = PBXGroup;
			children = (
				5253001720C8C9F600B3344C /* View */,
				5253001820C8CA0000B3344C /* ViewModel */,
			);
			path = CardSelected;
			sourceTree = "<group>";
		};
		5240441D20CF408F00B63FFD /* ViewModel */ = {
			isa = PBXGroup;
			children = (
				5240441F20CF40C200B63FFD /* CardsViewModel.swift */,
			);
			path = ViewModel;
			sourceTree = "<group>";
		};
		5240441E20CF409800B63FFD /* View */ = {
			isa = PBXGroup;
			children = (
				5240441820CF3FB300B63FFD /* CardsCollectionViewController.swift */,
				5240442120CF4EA300B63FFD /* CardCollectionViewCell.swift */,
				5240442220CF4EA300B63FFD /* CardCollectionViewCell.xib */,
			);
			path = View;
			sourceTree = "<group>";
		};
		5253000320C8C19F00B3344C /* Products */ = {
			isa = PBXGroup;
			children = (
				5253000220C8C19F00B3344C /* Scrum Geek Poker.app */,
			);
			name = Products;
			sourceTree = "<group>";
		};
		5253000420C8C19F00B3344C /* Scrum Geek Poker */ = {
			isa = PBXGroup;
			children = (
				52F0A9AB20D0B1AC00D76AC0 /* Navigation */,
				5240441A20CF404600B63FFD /* Features */,
				5253000520C8C19F00B3344C /* AppDelegate.swift */,
				5253000920C8C19F00B3344C /* Main.storyboard */,
				5253000C20C8C1A000B3344C /* Assets.xcassets */,
				5253000E20C8C1A000B3344C /* LaunchScreen.storyboard */,
				5253001120C8C1A000B3344C /* Info.plist */,
			);
			path = "Scrum Geek Poker";
			sourceTree = "<group>";
		};
		5253001720C8C9F600B3344C /* View */ = {
			isa = PBXGroup;
			children = (
				5253000720C8C19F00B3344C /* CardViewController.swift */,
			);
			path = View;
			sourceTree = "<group>";
		};
		5253001820C8CA0000B3344C /* ViewModel */ = {
			isa = PBXGroup;
			children = (
				5253001920C8CA4700B3344C /* CardViewModel.swift */,
				52FFF06420CA1CD900A7C04D /* MenuViewModel.swift */,
			);
			path = ViewModel;
			sourceTree = "<group>";
		};
		5253FFF920C8C19F00B3344C = {
			isa = PBXGroup;
			children = (
				5253000420C8C19F00B3344C /* Scrum Geek Poker */,
				5253000320C8C19F00B3344C /* Products */,
				D0AD35380626C2AC952A6DD4 /* Pods */,
				7393D61606256159D7092958 /* Frameworks */,
			);
			sourceTree = "<group>";
		};
		52F0A9AB20D0B1AC00D76AC0 /* Navigation */ = {
			isa = PBXGroup;
			children = (
				52F0A9AC20D0B6CD00D76AC0 /* CardNavigationViewController.swift */,
			);
			path = Navigation;
			sourceTree = "<group>";
		};
		7393D61606256159D7092958 /* Frameworks */ = {
			isa = PBXGroup;
			children = (
				CFFA5E363AED450679A90496 /* Pods_Scrum_Geek_Poker.framework */,
			);
			name = Frameworks;
			sourceTree = "<group>";
		};
		D0AD35380626C2AC952A6DD4 /* Pods */ = {
			isa = PBXGroup;
			children = (
				B94D37EE294AF8DDD4BD303B /* Pods-Scrum Geek Poker.debug.xcconfig */,
				752B65DEEB9D0809150D3D54 /* Pods-Scrum Geek Poker.release.xcconfig */,
			);
			name = Pods;
			sourceTree = "<group>";
		};
/* End PBXGroup section */

/* Begin PBXNativeTarget section */
		5253000120C8C19F00B3344C /* Scrum Geek Poker */ = {
			isa = PBXNativeTarget;
			buildConfigurationList = 5253001420C8C1A000B3344C /* Build configuration list for PBXNativeTarget "Scrum Geek Poker" */;
			buildPhases = (
				0CBF7A393066B85CFE3460CE /* [CP] Check Pods Manifest.lock */,
				5253FFFE20C8C19F00B3344C /* Sources */,
				5253FFFF20C8C19F00B3344C /* Frameworks */,
				5253000020C8C19F00B3344C /* Resources */,
				6C10419DF03A74721E1A3E58 /* [CP] Embed Pods Frameworks */,
			);
			buildRules = (
			);
			dependencies = (
			);
			name = "Scrum Geek Poker";
			productName = "Scrum Geek Poker";
			productReference = 5253000220C8C19F00B3344C /* Scrum Geek Poker.app */;
			productType = "com.apple.product-type.application";
		};
/* End PBXNativeTarget section */

/* Begin PBXProject section */
		5253FFFA20C8C19F00B3344C /* Project object */ = {
			isa = PBXProject;
			attributes = {
				LastSwiftUpdateCheck = 0930;
				LastUpgradeCheck = 0930;
				ORGANIZATIONNAME = "Optimize 7";
				TargetAttributes = {
					5253000120C8C19F00B3344C = {
						CreatedOnToolsVersion = 9.3;
					};
				};
			};
			buildConfigurationList = 5253FFFD20C8C19F00B3344C /* Build configuration list for PBXProject "Scrum Geek Poker" */;
			compatibilityVersion = "Xcode 9.3";
			developmentRegion = en;
			hasScannedForEncodings = 0;
			knownRegions = (
				en,
				Base,
			);
			mainGroup = 5253FFF920C8C19F00B3344C;
			productRefGroup = 5253000320C8C19F00B3344C /* Products */;
			projectDirPath = "";
			projectRoot = "";
			targets = (
				5253000120C8C19F00B3344C /* Scrum Geek Poker */,
			);
		};
/* End PBXProject section */

/* Begin PBXResourcesBuildPhase section */
		5253000020C8C19F00B3344C /* Resources */ = {
			isa = PBXResourcesBuildPhase;
			buildActionMask = 2147483647;
			files = (
				5223BF3E20D9F92C00328C58 /* BottomMenuViewController.xib in Resources */,
				5240442420CF4EA300B63FFD /* CardCollectionViewCell.xib in Resources */,
				5253001020C8C1A000B3344C /* LaunchScreen.storyboard in Resources */,
				5253000D20C8C1A000B3344C /* Assets.xcassets in Resources */,
				5223BF4220D9FAA700328C58 /* BottomMenuItemViewController.xib in Resources */,
				5253000B20C8C19F00B3344C /* Main.storyboard in Resources */,
			);
			runOnlyForDeploymentPostprocessing = 0;
		};
/* End PBXResourcesBuildPhase section */

/* Begin PBXShellScriptBuildPhase section */
		0CBF7A393066B85CFE3460CE /* [CP] Check Pods Manifest.lock */ = {
			isa = PBXShellScriptBuildPhase;
			buildActionMask = 2147483647;
			files = (
			);
			inputPaths = (
				"${PODS_PODFILE_DIR_PATH}/Podfile.lock",
				"${PODS_ROOT}/Manifest.lock",
			);
			name = "[CP] Check Pods Manifest.lock";
			outputPaths = (
				"$(DERIVED_FILE_DIR)/Pods-Scrum Geek Poker-checkManifestLockResult.txt",
			);
			runOnlyForDeploymentPostprocessing = 0;
			shellPath = /bin/sh;
			shellScript = "diff \"${PODS_PODFILE_DIR_PATH}/Podfile.lock\" \"${PODS_ROOT}/Manifest.lock\" > /dev/null\nif [ $? != 0 ] ; then\n    # print error to STDERR\n    echo \"error: The sandbox is not in sync with the Podfile.lock. Run 'pod install' or update your CocoaPods installation.\" >&2\n    exit 1\nfi\n# This output is used by Xcode 'outputs' to avoid re-running this script phase.\necho \"SUCCESS\" > \"${SCRIPT_OUTPUT_FILE_0}\"\n";
			showEnvVarsInLog = 0;
		};
		6C10419DF03A74721E1A3E58 /* [CP] Embed Pods Frameworks */ = {
			isa = PBXShellScriptBuildPhase;
			buildActionMask = 2147483647;
			files = (
			);
			inputPaths = (
				"${SRCROOT}/Pods/Target Support Files/Pods-Scrum Geek Poker/Pods-Scrum Geek Poker-frameworks.sh",
				"${BUILT_PRODUCTS_DIR}/MaterialComponents/MaterialComponents.framework",
			);
			name = "[CP] Embed Pods Frameworks";
			outputPaths = (
				"${TARGET_BUILD_DIR}/${FRAMEWORKS_FOLDER_PATH}/MaterialComponents.framework",
			);
			runOnlyForDeploymentPostprocessing = 0;
			shellPath = /bin/sh;
			shellScript = "\"${SRCROOT}/Pods/Target Support Files/Pods-Scrum Geek Poker/Pods-Scrum Geek Poker-frameworks.sh\"\n";
			showEnvVarsInLog = 0;
		};
/* End PBXShellScriptBuildPhase section */

/* Begin PBXSourcesBuildPhase section */
		5253FFFE20C8C19F00B3344C /* Sources */ = {
			isa = PBXSourcesBuildPhase;
			buildActionMask = 2147483647;
			files = (
				5253000820C8C19F00B3344C /* CardViewController.swift in Sources */,
				5253000620C8C19F00B3344C /* AppDelegate.swift in Sources */,
				5240442020CF40C200B63FFD /* CardsViewModel.swift in Sources */,
				5223BF3D20D9F92C00328C58 /* BottomMenuViewController.swift in Sources */,
				5253001A20C8CA4700B3344C /* CardViewModel.swift in Sources */,
				5223BF4120D9FAA700328C58 /* BottomMenuItemViewController.swift in Sources */,
				5240442320CF4EA300B63FFD /* CardCollectionViewCell.swift in Sources */,
				52FFF06520CA1CD900A7C04D /* MenuViewModel.swift in Sources */,
				52F0A9AD20D0B6CD00D76AC0 /* CardNavigationViewController.swift in Sources */,
				5240441920CF3FB300B63FFD /* CardsCollectionViewController.swift in Sources */,
			);
			runOnlyForDeploymentPostprocessing = 0;
		};
/* End PBXSourcesBuildPhase section */

/* Begin PBXVariantGroup section */
		5253000920C8C19F00B3344C /* Main.storyboard */ = {
			isa = PBXVariantGroup;
			children = (
				5253000A20C8C19F00B3344C /* Base */,
			);
			name = Main.storyboard;
			sourceTree = "<group>";
		};
		5253000E20C8C1A000B3344C /* LaunchScreen.storyboard */ = {
			isa = PBXVariantGroup;
			children = (
				5253000F20C8C1A000B3344C /* Base */,
			);
			name = LaunchScreen.storyboard;
			sourceTree = "<group>";
		};
/* End PBXVariantGroup section */

/* Begin XCBuildConfiguration section */
		5253001220C8C1A000B3344C /* Debug */ = {
			isa = XCBuildConfiguration;
			buildSettings = {
				ALWAYS_SEARCH_USER_PATHS = NO;
				CLANG_ANALYZER_NONNULL = YES;
				CLANG_ANALYZER_NUMBER_OBJECT_CONVERSION = YES_AGGRESSIVE;
				CLANG_CXX_LANGUAGE_STANDARD = "gnu++14";
				CLANG_CXX_LIBRARY = "libc++";
				CLANG_ENABLE_MODULES = YES;
				CLANG_ENABLE_OBJC_ARC = YES;
				CLANG_ENABLE_OBJC_WEAK = YES;
				CLANG_WARN_BLOCK_CAPTURE_AUTORELEASING = YES;
				CLANG_WARN_BOOL_CONVERSION = YES;
				CLANG_WARN_COMMA = YES;
				CLANG_WARN_CONSTANT_CONVERSION = YES;
				CLANG_WARN_DEPRECATED_OBJC_IMPLEMENTATIONS = YES;
				CLANG_WARN_DIRECT_OBJC_ISA_USAGE = YES_ERROR;
				CLANG_WARN_DOCUMENTATION_COMMENTS = YES;
				CLANG_WARN_EMPTY_BODY = YES;
				CLANG_WARN_ENUM_CONVERSION = YES;
				CLANG_WARN_INFINITE_RECURSION = YES;
				CLANG_WARN_INT_CONVERSION = YES;
				CLANG_WARN_NON_LITERAL_NULL_CONVERSION = YES;
				CLANG_WARN_OBJC_IMPLICIT_RETAIN_SELF = YES;
				CLANG_WARN_OBJC_LITERAL_CONVERSION = YES;
				CLANG_WARN_OBJC_ROOT_CLASS = YES_ERROR;
				CLANG_WARN_RANGE_LOOP_ANALYSIS = YES;
				CLANG_WARN_STRICT_PROTOTYPES = YES;
				CLANG_WARN_SUSPICIOUS_MOVE = YES;
				CLANG_WARN_UNGUARDED_AVAILABILITY = YES_AGGRESSIVE;
				CLANG_WARN_UNREACHABLE_CODE = YES;
				CLANG_WARN__DUPLICATE_METHOD_MATCH = YES;
				CODE_SIGN_IDENTITY = "iPhone Developer";
				COPY_PHASE_STRIP = NO;
				DEBUG_INFORMATION_FORMAT = dwarf;
				ENABLE_STRICT_OBJC_MSGSEND = YES;
				ENABLE_TESTABILITY = YES;
				GCC_C_LANGUAGE_STANDARD = gnu11;
				GCC_DYNAMIC_NO_PIC = NO;
				GCC_NO_COMMON_BLOCKS = YES;
				GCC_OPTIMIZATION_LEVEL = 0;
				GCC_PREPROCESSOR_DEFINITIONS = (
					"DEBUG=1",
					"$(inherited)",
				);
				GCC_WARN_64_TO_32_BIT_CONVERSION = YES;
				GCC_WARN_ABOUT_RETURN_TYPE = YES_ERROR;
				GCC_WARN_UNDECLARED_SELECTOR = YES;
				GCC_WARN_UNINITIALIZED_AUTOS = YES_AGGRESSIVE;
				GCC_WARN_UNUSED_FUNCTION = YES;
				GCC_WARN_UNUSED_VARIABLE = YES;
				IPHONEOS_DEPLOYMENT_TARGET = 11.3;
				MTL_ENABLE_DEBUG_INFO = YES;
				ONLY_ACTIVE_ARCH = YES;
				SDKROOT = iphoneos;
				SWIFT_ACTIVE_COMPILATION_CONDITIONS = DEBUG;
				SWIFT_OPTIMIZATION_LEVEL = "-Onone";
			};
			name = Debug;
		};
		5253001320C8C1A000B3344C /* Release */ = {
			isa = XCBuildConfiguration;
			buildSettings = {
				ALWAYS_SEARCH_USER_PATHS = NO;
				CLANG_ANALYZER_NONNULL = YES;
				CLANG_ANALYZER_NUMBER_OBJECT_CONVERSION = YES_AGGRESSIVE;
				CLANG_CXX_LANGUAGE_STANDARD = "gnu++14";
				CLANG_CXX_LIBRARY = "libc++";
				CLANG_ENABLE_MODULES = YES;
				CLANG_ENABLE_OBJC_ARC = YES;
				CLANG_ENABLE_OBJC_WEAK = YES;
				CLANG_WARN_BLOCK_CAPTURE_AUTORELEASING = YES;
				CLANG_WARN_BOOL_CONVERSION = YES;
				CLANG_WARN_COMMA = YES;
				CLANG_WARN_CONSTANT_CONVERSION = YES;
				CLANG_WARN_DEPRECATED_OBJC_IMPLEMENTATIONS = YES;
				CLANG_WARN_DIRECT_OBJC_ISA_USAGE = YES_ERROR;
				CLANG_WARN_DOCUMENTATION_COMMENTS = YES;
				CLANG_WARN_EMPTY_BODY = YES;
				CLANG_WARN_ENUM_CONVERSION = YES;
				CLANG_WARN_INFINITE_RECURSION = YES;
				CLANG_WARN_INT_CONVERSION = YES;
				CLANG_WARN_NON_LITERAL_NULL_CONVERSION = YES;
				CLANG_WARN_OBJC_IMPLICIT_RETAIN_SELF = YES;
				CLANG_WARN_OBJC_LITERAL_CONVERSION = YES;
				CLANG_WARN_OBJC_ROOT_CLASS = YES_ERROR;
				CLANG_WARN_RANGE_LOOP_ANALYSIS = YES;
				CLANG_WARN_STRICT_PROTOTYPES = YES;
				CLANG_WARN_SUSPICIOUS_MOVE = YES;
				CLANG_WARN_UNGUARDED_AVAILABILITY = YES_AGGRESSIVE;
				CLANG_WARN_UNREACHABLE_CODE = YES;
				CLANG_WARN__DUPLICATE_METHOD_MATCH = YES;
				CODE_SIGN_IDENTITY = "iPhone Developer";
				COPY_PHASE_STRIP = NO;
				DEBUG_INFORMATION_FORMAT = "dwarf-with-dsym";
				ENABLE_NS_ASSERTIONS = NO;
				ENABLE_STRICT_OBJC_MSGSEND = YES;
				GCC_C_LANGUAGE_STANDARD = gnu11;
				GCC_NO_COMMON_BLOCKS = YES;
				GCC_WARN_64_TO_32_BIT_CONVERSION = YES;
				GCC_WARN_ABOUT_RETURN_TYPE = YES_ERROR;
				GCC_WARN_UNDECLARED_SELECTOR = YES;
				GCC_WARN_UNINITIALIZED_AUTOS = YES_AGGRESSIVE;
				GCC_WARN_UNUSED_FUNCTION = YES;
				GCC_WARN_UNUSED_VARIABLE = YES;
				IPHONEOS_DEPLOYMENT_TARGET = 11.3;
				MTL_ENABLE_DEBUG_INFO = NO;
				SDKROOT = iphoneos;
				SWIFT_COMPILATION_MODE = wholemodule;
				SWIFT_OPTIMIZATION_LEVEL = "-O";
				VALIDATE_PRODUCT = YES;
			};
			name = Release;
		};
		5253001520C8C1A000B3344C /* Debug */ = {
			isa = XCBuildConfiguration;
			baseConfigurationReference = B94D37EE294AF8DDD4BD303B /* Pods-Scrum Geek Poker.debug.xcconfig */;
			buildSettings = {
				ASSETCATALOG_COMPILER_APPICON_NAME = AppIcon;
				CODE_SIGN_STYLE = Automatic;
				DEVELOPMENT_TEAM = 4NCP4ZF9F8;
				INFOPLIST_FILE = "Scrum Geek Poker/Info.plist";
				LD_RUNPATH_SEARCH_PATHS = (
					"$(inherited)",
					"@executable_path/Frameworks",
				);
				PRODUCT_BUNDLE_IDENTIFIER = "br.com.optimize7.Scrum-Geek-Poker";
				PRODUCT_NAME = "$(TARGET_NAME)";
				SWIFT_VERSION = 4.0;
				TARGETED_DEVICE_FAMILY = "1,2";
			};
			name = Debug;
		};
		5253001620C8C1A000B3344C /* Release */ = {
			isa = XCBuildConfiguration;
			baseConfigurationReference = 752B65DEEB9D0809150D3D54 /* Pods-Scrum Geek Poker.release.xcconfig */;
			buildSettings = {
				ASSETCATALOG_COMPILER_APPICON_NAME = AppIcon;
				CODE_SIGN_STYLE = Automatic;
				DEVELOPMENT_TEAM = 4NCP4ZF9F8;
				INFOPLIST_FILE = "Scrum Geek Poker/Info.plist";
				LD_RUNPATH_SEARCH_PATHS = (
					"$(inherited)",
					"@executable_path/Frameworks",
				);
				PRODUCT_BUNDLE_IDENTIFIER = "br.com.optimize7.Scrum-Geek-Poker";
				PRODUCT_NAME = "$(TARGET_NAME)";
				SWIFT_VERSION = 4.0;
				TARGETED_DEVICE_FAMILY = "1,2";
			};
			name = Release;
		};
/* End XCBuildConfiguration section */

/* Begin XCConfigurationList section */
		5253001420C8C1A000B3344C /* Build configuration list for PBXNativeTarget "Scrum Geek Poker" */ = {
			isa = XCConfigurationList;
			buildConfigurations = (
				5253001520C8C1A000B3344C /* Debug */,
				5253001620C8C1A000B3344C /* Release */,
			);
			defaultConfigurationIsVisible = 0;
			defaultConfigurationName = Release;
		};
		5253FFFD20C8C19F00B3344C /* Build configuration list for PBXProject "Scrum Geek Poker" */ = {
			isa = XCConfigurationList;
			buildConfigurations = (
				5253001220C8C1A000B3344C /* Debug */,
				5253001320C8C1A000B3344C /* Release */,
			);
			defaultConfigurationIsVisible = 0;
			defaultConfigurationName = Release;
		};
/* End XCConfigurationList section */
	};
	rootObject = 5253FFFA20C8C19F00B3344C /* Project object */;
}
